// !$*UTF8*$!
{
	archiveVersion = 1;
	classes = {
	};
	objectVersion = 46;
	objects = {

/* Begin PBXBuildFile section */
		EA1AC1911D2CE9F000698608 /* main.m in Sources */ = {isa = PBXBuildFile; fileRef = EA1AC1901D2CE9F000698608 /* main.m */; };
		EA1AC1941D2CE9F000698608 /* AppDelegate.m in Sources */ = {isa = PBXBuildFile; fileRef = EA1AC1931D2CE9F000698608 /* AppDelegate.m */; };
		EA1AC1971D2CE9F000698608 /* ViewController.m in Sources */ = {isa = PBXBuildFile; fileRef = EA1AC1961D2CE9F000698608 /* ViewController.m */; };
		EA1AC19A1D2CE9F000698608 /* Main.storyboard in Resources */ = {isa = PBXBuildFile; fileRef = EA1AC1981D2CE9F000698608 /* Main.storyboard */; };
		EA1AC19C1D2CE9F000698608 /* Assets.xcassets in Resources */ = {isa = PBXBuildFile; fileRef = EA1AC19B1D2CE9F000698608 /* Assets.xcassets */; };
		EA1AC19F1D2CE9F000698608 /* LaunchScreen.storyboard in Resources */ = {isa = PBXBuildFile; fileRef = EA1AC19D1D2CE9F000698608 /* LaunchScreen.storyboard */; };
		EA1AC1AA1D2CE9F000698608 /* CEECountdownTests.m in Sources */ = {isa = PBXBuildFile; fileRef = EA1AC1A91D2CE9F000698608 /* CEECountdownTests.m */; };
		EA1AC1B51D2CE9F000698608 /* CEECountdownUITests.m in Sources */ = {isa = PBXBuildFile; fileRef = EA1AC1B41D2CE9F000698608 /* CEECountdownUITests.m */; };
		EA1AC1C31D2CFD5B00698608 /* UIKit.framework in Frameworks */ = {isa = PBXBuildFile; fileRef = EA1AC1C21D2CFD5B00698608 /* UIKit.framework */; };
		EA1AC1C51D2CFD6600698608 /* QuartzCore.framework in Frameworks */ = {isa = PBXBuildFile; fileRef = EA1AC1C41D2CFD6600698608 /* QuartzCore.framework */; };
		EA1AC1C71D2CFD7000698608 /* Foundation.framework in Frameworks */ = {isa = PBXBuildFile; fileRef = EA1AC1C61D2CFD7000698608 /* Foundation.framework */; };
		EA1AC1C91D2CFD7F00698608 /* CoreGraphics.framework in Frameworks */ = {isa = PBXBuildFile; fileRef = EA1AC1C81D2CFD7F00698608 /* CoreGraphics.framework */; };
		EA1AC2141D2E369900698608 /* CountDownViewController.m in Sources */ = {isa = PBXBuildFile; fileRef = EA1AC2131D2E369900698608 /* CountDownViewController.m */; };
		EA1AC2181D2E457300698608 /* Reveal.framework in Frameworks */ = {isa = PBXBuildFile; fileRef = EA1AC2171D2E457300698608 /* Reveal.framework */; };
		EA1AC21B1D2E46A400698608 /* CEETabBarController.m in Sources */ = {isa = PBXBuildFile; fileRef = EA1AC21A1D2E46A400698608 /* CEETabBarController.m */; };
		EA1AC21E1D2E47D900698608 /* CEENavigationViewController.m in Sources */ = {isa = PBXBuildFile; fileRef = EA1AC21D1D2E47D900698608 /* CEENavigationViewController.m */; };
		EA6531AF1D333A990080895E /* CBAutoScrollLabel.m in Sources */ = {isa = PBXBuildFile; fileRef = EA6531AE1D333A990080895E /* CBAutoScrollLabel.m */; };
		EA6531BC1D339D960080895E /* Digital-7Mono.TTF in Resources */ = {isa = PBXBuildFile; fileRef = EA6531BA1D339D960080895E /* Digital-7Mono.TTF */; };
		EA6531BD1D339D960080895E /* Heavitas.ttf in Resources */ = {isa = PBXBuildFile; fileRef = EA6531BB1D339D960080895E /* Heavitas.ttf */; };
		EA6531C11D3498AA0080895E /* CalendarViewController.m in Sources */ = {isa = PBXBuildFile; fileRef = EA6531C01D3498AA0080895E /* CalendarViewController.m */; };
		EA6531C61D3498CA0080895E /* FDCalendar.m in Sources */ = {isa = PBXBuildFile; fileRef = EA6531C31D3498CA0080895E /* FDCalendar.m */; };
		EA6531C71D3498CA0080895E /* FDCalendarItem.m in Sources */ = {isa = PBXBuildFile; fileRef = EA6531C51D3498CA0080895E /* FDCalendarItem.m */; };
		EA6531CF1D3499020080895E /* NSString+DateTransform.m in Sources */ = {isa = PBXBuildFile; fileRef = EA6531CA1D3499020080895E /* NSString+DateTransform.m */; };
		EA6531D01D3499020080895E /* NSString+MoreExtentions.m in Sources */ = {isa = PBXBuildFile; fileRef = EA6531CC1D3499020080895E /* NSString+MoreExtentions.m */; };
		EA6531D11D3499020080895E /* UIView+Extension.m in Sources */ = {isa = PBXBuildFile; fileRef = EA6531CE1D3499020080895E /* UIView+Extension.m */; };
		EA6531D81D34ED470080895E /* BaseViewController.m in Sources */ = {isa = PBXBuildFile; fileRef = EA6531D71D34ED470080895E /* BaseViewController.m */; };
		EA6531E01D34EEB80080895E /* RegistViewController.m in Sources */ = {isa = PBXBuildFile; fileRef = EA6531DF1D34EEB80080895E /* RegistViewController.m */; };
		EA6531E41D34F3E90080895E /* CEEAlertView.m in Sources */ = {isa = PBXBuildFile; fileRef = EA6531E31D34F3E90080895E /* CEEAlertView.m */; };
		EA6531E71D34F8F70080895E /* UIBarButtonItem+Extension.m in Sources */ = {isa = PBXBuildFile; fileRef = EA6531E61D34F8F70080895E /* UIBarButtonItem+Extension.m */; };
		EA6531EB1D35E86D0080895E /* LoginViewController.m in Sources */ = {isa = PBXBuildFile; fileRef = EA6531E91D35E86D0080895E /* LoginViewController.m */; };
		EA6531EC1D35E86D0080895E /* LoginViewController.xib in Resources */ = {isa = PBXBuildFile; fileRef = EA6531EA1D35E86D0080895E /* LoginViewController.xib */; };
		EA6531F01D361D490080895E /* User.m in Sources */ = {isa = PBXBuildFile; fileRef = EA6531EF1D361D490080895E /* User.m */; };
		EA6531F31D3622160080895E /* UserViewModel.m in Sources */ = {isa = PBXBuildFile; fileRef = EA6531F21D3622160080895E /* UserViewModel.m */; };
		EA6531F91D373D670080895E /* MBProgressHUD+Add.m in Sources */ = {isa = PBXBuildFile; fileRef = EA6531F81D373D670080895E /* MBProgressHUD+Add.m */; };
		EA6531FF1D3785700080895E /* CEEUtils.m in Sources */ = {isa = PBXBuildFile; fileRef = EA6531FE1D3785700080895E /* CEEUtils.m */; };
		EA6532041D3797C40080895E /* CEENetWork.m in Sources */ = {isa = PBXBuildFile; fileRef = EA6532031D3797C40080895E /* CEENetWork.m */; };
		EE569852883543F28CC4FD96 /* libPods.a in Frameworks */ = {isa = PBXBuildFile; fileRef = BF3626BEC5C99EC4749B7938 /* libPods.a */; };
/* End PBXBuildFile section */

/* Begin PBXContainerItemProxy section */
		EA1AC1A61D2CE9F000698608 /* PBXContainerItemProxy */ = {
			isa = PBXContainerItemProxy;
			containerPortal = EA1AC1841D2CE9F000698608 /* Project object */;
			proxyType = 1;
			remoteGlobalIDString = EA1AC18B1D2CE9F000698608;
			remoteInfo = CEECountdown;
		};
		EA1AC1B11D2CE9F000698608 /* PBXContainerItemProxy */ = {
			isa = PBXContainerItemProxy;
			containerPortal = EA1AC1841D2CE9F000698608 /* Project object */;
			proxyType = 1;
			remoteGlobalIDString = EA1AC18B1D2CE9F000698608;
			remoteInfo = CEECountdown;
		};
/* End PBXContainerItemProxy section */

/* Begin PBXFileReference section */
		A5D6EECEF2E2D62E834E5703 /* Pods.release.xcconfig */ = {isa = PBXFileReference; includeInIndex = 1; lastKnownFileType = text.xcconfig; name = Pods.release.xcconfig; path = "Pods/Target Support Files/Pods/Pods.release.xcconfig"; sourceTree = "<group>"; };
		BF3626BEC5C99EC4749B7938 /* libPods.a */ = {isa = PBXFileReference; explicitFileType = archive.ar; includeInIndex = 0; path = libPods.a; sourceTree = BUILT_PRODUCTS_DIR; };
		EA1AC18C1D2CE9F000698608 /* CEECountdown.app */ = {isa = PBXFileReference; explicitFileType = wrapper.application; includeInIndex = 0; path = CEECountdown.app; sourceTree = BUILT_PRODUCTS_DIR; };
		EA1AC1901D2CE9F000698608 /* main.m */ = {isa = PBXFileReference; lastKnownFileType = sourcecode.c.objc; path = main.m; sourceTree = "<group>"; };
		EA1AC1921D2CE9F000698608 /* AppDelegate.h */ = {isa = PBXFileReference; lastKnownFileType = sourcecode.c.h; path = AppDelegate.h; sourceTree = "<group>"; };
		EA1AC1931D2CE9F000698608 /* AppDelegate.m */ = {isa = PBXFileReference; lastKnownFileType = sourcecode.c.objc; path = AppDelegate.m; sourceTree = "<group>"; };
		EA1AC1951D2CE9F000698608 /* ViewController.h */ = {isa = PBXFileReference; lastKnownFileType = sourcecode.c.h; path = ViewController.h; sourceTree = "<group>"; };
		EA1AC1961D2CE9F000698608 /* ViewController.m */ = {isa = PBXFileReference; lastKnownFileType = sourcecode.c.objc; path = ViewController.m; sourceTree = "<group>"; };
		EA1AC1991D2CE9F000698608 /* Base */ = {isa = PBXFileReference; lastKnownFileType = file.storyboard; name = Base; path = Base.lproj/Main.storyboard; sourceTree = "<group>"; };
		EA1AC19B1D2CE9F000698608 /* Assets.xcassets */ = {isa = PBXFileReference; lastKnownFileType = folder.assetcatalog; path = Assets.xcassets; sourceTree = "<group>"; };
		EA1AC19E1D2CE9F000698608 /* Base */ = {isa = PBXFileReference; lastKnownFileType = file.storyboard; name = Base; path = Base.lproj/LaunchScreen.storyboard; sourceTree = "<group>"; };
		EA1AC1A01D2CE9F000698608 /* Info.plist */ = {isa = PBXFileReference; lastKnownFileType = text.plist.xml; path = Info.plist; sourceTree = "<group>"; };
		EA1AC1A51D2CE9F000698608 /* CEECountdownTests.xctest */ = {isa = PBXFileReference; explicitFileType = wrapper.cfbundle; includeInIndex = 0; path = CEECountdownTests.xctest; sourceTree = BUILT_PRODUCTS_DIR; };
		EA1AC1A91D2CE9F000698608 /* CEECountdownTests.m */ = {isa = PBXFileReference; lastKnownFileType = sourcecode.c.objc; path = CEECountdownTests.m; sourceTree = "<group>"; };
		EA1AC1AB1D2CE9F000698608 /* Info.plist */ = {isa = PBXFileReference; lastKnownFileType = text.plist.xml; path = Info.plist; sourceTree = "<group>"; };
		EA1AC1B01D2CE9F000698608 /* CEECountdownUITests.xctest */ = {isa = PBXFileReference; explicitFileType = wrapper.cfbundle; includeInIndex = 0; path = CEECountdownUITests.xctest; sourceTree = BUILT_PRODUCTS_DIR; };
		EA1AC1B41D2CE9F000698608 /* CEECountdownUITests.m */ = {isa = PBXFileReference; lastKnownFileType = sourcecode.c.objc; path = CEECountdownUITests.m; sourceTree = "<group>"; };
		EA1AC1B61D2CE9F000698608 /* Info.plist */ = {isa = PBXFileReference; lastKnownFileType = text.plist.xml; path = Info.plist; sourceTree = "<group>"; };
		EA1AC1C21D2CFD5B00698608 /* UIKit.framework */ = {isa = PBXFileReference; lastKnownFileType = wrapper.framework; name = UIKit.framework; path = System/Library/Frameworks/UIKit.framework; sourceTree = SDKROOT; };
		EA1AC1C41D2CFD6600698608 /* QuartzCore.framework */ = {isa = PBXFileReference; lastKnownFileType = wrapper.framework; name = QuartzCore.framework; path = System/Library/Frameworks/QuartzCore.framework; sourceTree = SDKROOT; };
		EA1AC1C61D2CFD7000698608 /* Foundation.framework */ = {isa = PBXFileReference; lastKnownFileType = wrapper.framework; name = Foundation.framework; path = System/Library/Frameworks/Foundation.framework; sourceTree = SDKROOT; };
		EA1AC1C81D2CFD7F00698608 /* CoreGraphics.framework */ = {isa = PBXFileReference; lastKnownFileType = wrapper.framework; name = CoreGraphics.framework; path = System/Library/Frameworks/CoreGraphics.framework; sourceTree = SDKROOT; };
		EA1AC2121D2E369900698608 /* CountDownViewController.h */ = {isa = PBXFileReference; fileEncoding = 4; lastKnownFileType = sourcecode.c.h; path = CountDownViewController.h; sourceTree = "<group>"; };
		EA1AC2131D2E369900698608 /* CountDownViewController.m */ = {isa = PBXFileReference; fileEncoding = 4; lastKnownFileType = sourcecode.c.objc; path = CountDownViewController.m; sourceTree = "<group>"; };
		EA1AC2161D2E385D00698608 /* CEECountdown-Prefix.pch */ = {isa = PBXFileReference; lastKnownFileType = sourcecode.c.h; path = "CEECountdown-Prefix.pch"; sourceTree = "<group>"; };
		EA1AC2171D2E457300698608 /* Reveal.framework */ = {isa = PBXFileReference; lastKnownFileType = wrapper.framework; path = Reveal.framework; sourceTree = "<group>"; };
		EA1AC2191D2E46A400698608 /* CEETabBarController.h */ = {isa = PBXFileReference; fileEncoding = 4; lastKnownFileType = sourcecode.c.h; path = CEETabBarController.h; sourceTree = "<group>"; };
		EA1AC21A1D2E46A400698608 /* CEETabBarController.m */ = {isa = PBXFileReference; fileEncoding = 4; lastKnownFileType = sourcecode.c.objc; path = CEETabBarController.m; sourceTree = "<group>"; };
		EA1AC21C1D2E47D900698608 /* CEENavigationViewController.h */ = {isa = PBXFileReference; fileEncoding = 4; lastKnownFileType = sourcecode.c.h; path = CEENavigationViewController.h; sourceTree = "<group>"; };
		EA1AC21D1D2E47D900698608 /* CEENavigationViewController.m */ = {isa = PBXFileReference; fileEncoding = 4; lastKnownFileType = sourcecode.c.objc; path = CEENavigationViewController.m; sourceTree = "<group>"; };
		EA6531AD1D333A990080895E /* CBAutoScrollLabel.h */ = {isa = PBXFileReference; fileEncoding = 4; lastKnownFileType = sourcecode.c.h; path = CBAutoScrollLabel.h; sourceTree = "<group>"; };
		EA6531AE1D333A990080895E /* CBAutoScrollLabel.m */ = {isa = PBXFileReference; fileEncoding = 4; lastKnownFileType = sourcecode.c.objc; path = CBAutoScrollLabel.m; sourceTree = "<group>"; };
		EA6531BA1D339D960080895E /* Digital-7Mono.TTF */ = {isa = PBXFileReference; lastKnownFileType = file; path = "Digital-7Mono.TTF"; sourceTree = "<group>"; };
		EA6531BB1D339D960080895E /* Heavitas.ttf */ = {isa = PBXFileReference; lastKnownFileType = file; path = Heavitas.ttf; sourceTree = "<group>"; };
		EA6531BF1D3498AA0080895E /* CalendarViewController.h */ = {isa = PBXFileReference; fileEncoding = 4; lastKnownFileType = sourcecode.c.h; path = CalendarViewController.h; sourceTree = "<group>"; };
		EA6531C01D3498AA0080895E /* CalendarViewController.m */ = {isa = PBXFileReference; fileEncoding = 4; lastKnownFileType = sourcecode.c.objc; path = CalendarViewController.m; sourceTree = "<group>"; };
		EA6531C21D3498CA0080895E /* FDCalendar.h */ = {isa = PBXFileReference; fileEncoding = 4; lastKnownFileType = sourcecode.c.h; path = FDCalendar.h; sourceTree = "<group>"; };
		EA6531C31D3498CA0080895E /* FDCalendar.m */ = {isa = PBXFileReference; fileEncoding = 4; lastKnownFileType = sourcecode.c.objc; path = FDCalendar.m; sourceTree = "<group>"; };
		EA6531C41D3498CA0080895E /* FDCalendarItem.h */ = {isa = PBXFileReference; fileEncoding = 4; lastKnownFileType = sourcecode.c.h; path = FDCalendarItem.h; sourceTree = "<group>"; };
		EA6531C51D3498CA0080895E /* FDCalendarItem.m */ = {isa = PBXFileReference; fileEncoding = 4; lastKnownFileType = sourcecode.c.objc; path = FDCalendarItem.m; sourceTree = "<group>"; };
		EA6531C91D3499020080895E /* NSString+DateTransform.h */ = {isa = PBXFileReference; fileEncoding = 4; lastKnownFileType = sourcecode.c.h; path = "NSString+DateTransform.h"; sourceTree = "<group>"; };
		EA6531CA1D3499020080895E /* NSString+DateTransform.m */ = {isa = PBXFileReference; fileEncoding = 4; lastKnownFileType = sourcecode.c.objc; path = "NSString+DateTransform.m"; sourceTree = "<group>"; };
		EA6531CB1D3499020080895E /* NSString+MoreExtentions.h */ = {isa = PBXFileReference; fileEncoding = 4; lastKnownFileType = sourcecode.c.h; path = "NSString+MoreExtentions.h"; sourceTree = "<group>"; };
		EA6531CC1D3499020080895E /* NSString+MoreExtentions.m */ = {isa = PBXFileReference; fileEncoding = 4; lastKnownFileType = sourcecode.c.objc; path = "NSString+MoreExtentions.m"; sourceTree = "<group>"; };
		EA6531CD1D3499020080895E /* UIView+Extension.h */ = {isa = PBXFileReference; fileEncoding = 4; lastKnownFileType = sourcecode.c.h; path = "UIView+Extension.h"; sourceTree = "<group>"; };
		EA6531CE1D3499020080895E /* UIView+Extension.m */ = {isa = PBXFileReference; fileEncoding = 4; lastKnownFileType = sourcecode.c.objc; path = "UIView+Extension.m"; sourceTree = "<group>"; };
		EA6531D61D34ED470080895E /* BaseViewController.h */ = {isa = PBXFileReference; fileEncoding = 4; lastKnownFileType = sourcecode.c.h; path = BaseViewController.h; sourceTree = "<group>"; };
		EA6531D71D34ED470080895E /* BaseViewController.m */ = {isa = PBXFileReference; fileEncoding = 4; lastKnownFileType = sourcecode.c.objc; path = BaseViewController.m; sourceTree = "<group>"; };
		EA6531DE1D34EEB80080895E /* RegistViewController.h */ = {isa = PBXFileReference; fileEncoding = 4; lastKnownFileType = sourcecode.c.h; path = RegistViewController.h; sourceTree = "<group>"; };
		EA6531DF1D34EEB80080895E /* RegistViewController.m */ = {isa = PBXFileReference; fileEncoding = 4; lastKnownFileType = sourcecode.c.objc; path = RegistViewController.m; sourceTree = "<group>"; };
		EA6531E21D34F3E90080895E /* CEEAlertView.h */ = {isa = PBXFileReference; fileEncoding = 4; lastKnownFileType = sourcecode.c.h; path = CEEAlertView.h; sourceTree = "<group>"; };
		EA6531E31D34F3E90080895E /* CEEAlertView.m */ = {isa = PBXFileReference; fileEncoding = 4; lastKnownFileType = sourcecode.c.objc; path = CEEAlertView.m; sourceTree = "<group>"; };
		EA6531E51D34F8F70080895E /* UIBarButtonItem+Extension.h */ = {isa = PBXFileReference; fileEncoding = 4; lastKnownFileType = sourcecode.c.h; path = "UIBarButtonItem+Extension.h"; sourceTree = "<group>"; };
		EA6531E61D34F8F70080895E /* UIBarButtonItem+Extension.m */ = {isa = PBXFileReference; fileEncoding = 4; lastKnownFileType = sourcecode.c.objc; path = "UIBarButtonItem+Extension.m"; sourceTree = "<group>"; };
		EA6531E81D35E86D0080895E /* LoginViewController.h */ = {isa = PBXFileReference; fileEncoding = 4; lastKnownFileType = sourcecode.c.h; path = LoginViewController.h; sourceTree = "<group>"; };
		EA6531E91D35E86D0080895E /* LoginViewController.m */ = {isa = PBXFileReference; fileEncoding = 4; lastKnownFileType = sourcecode.c.objc; path = LoginViewController.m; sourceTree = "<group>"; };
		EA6531EA1D35E86D0080895E /* LoginViewController.xib */ = {isa = PBXFileReference; fileEncoding = 4; lastKnownFileType = file.xib; path = LoginViewController.xib; sourceTree = "<group>"; };
		EA6531EE1D361D490080895E /* User.h */ = {isa = PBXFileReference; fileEncoding = 4; lastKnownFileType = sourcecode.c.h; path = User.h; sourceTree = "<group>"; };
		EA6531EF1D361D490080895E /* User.m */ = {isa = PBXFileReference; fileEncoding = 4; lastKnownFileType = sourcecode.c.objc; path = User.m; sourceTree = "<group>"; };
		EA6531F11D3622160080895E /* UserViewModel.h */ = {isa = PBXFileReference; fileEncoding = 4; lastKnownFileType = sourcecode.c.h; path = UserViewModel.h; sourceTree = "<group>"; };
		EA6531F21D3622160080895E /* UserViewModel.m */ = {isa = PBXFileReference; fileEncoding = 4; lastKnownFileType = sourcecode.c.objc; path = UserViewModel.m; sourceTree = "<group>"; };
		EA6531F71D373D670080895E /* MBProgressHUD+Add.h */ = {isa = PBXFileReference; fileEncoding = 4; lastKnownFileType = sourcecode.c.h; path = "MBProgressHUD+Add.h"; sourceTree = "<group>"; };
		EA6531F81D373D670080895E /* MBProgressHUD+Add.m */ = {isa = PBXFileReference; fileEncoding = 4; lastKnownFileType = sourcecode.c.objc; path = "MBProgressHUD+Add.m"; sourceTree = "<group>"; };
		EA6531FA1D37403E0080895E /* CEEMacro.h */ = {isa = PBXFileReference; lastKnownFileType = sourcecode.c.h; path = CEEMacro.h; sourceTree = "<group>"; };
		EA6531FD1D3785700080895E /* CEEUtils.h */ = {isa = PBXFileReference; fileEncoding = 4; lastKnownFileType = sourcecode.c.h; path = CEEUtils.h; sourceTree = "<group>"; };
		EA6531FE1D3785700080895E /* CEEUtils.m */ = {isa = PBXFileReference; fileEncoding = 4; lastKnownFileType = sourcecode.c.objc; path = CEEUtils.m; sourceTree = "<group>"; };
		EA6532021D3797C40080895E /* CEENetWork.h */ = {isa = PBXFileReference; fileEncoding = 4; lastKnownFileType = sourcecode.c.h; path = CEENetWork.h; sourceTree = "<group>"; };
		EA6532031D3797C40080895E /* CEENetWork.m */ = {isa = PBXFileReference; fileEncoding = 4; lastKnownFileType = sourcecode.c.objc; path = CEENetWork.m; sourceTree = "<group>"; };
		EA6532051D3799060080895E /* HTTPConfig.h */ = {isa = PBXFileReference; lastKnownFileType = sourcecode.c.h; path = HTTPConfig.h; sourceTree = "<group>"; };
		FE1809D2428AFD522EA6C17A /* Pods.debug.xcconfig */ = {isa = PBXFileReference; includeInIndex = 1; lastKnownFileType = text.xcconfig; name = Pods.debug.xcconfig; path = "Pods/Target Support Files/Pods/Pods.debug.xcconfig"; sourceTree = "<group>"; };
/* End PBXFileReference section */

/* Begin PBXFrameworksBuildPhase section */
		EA1AC1891D2CE9F000698608 /* Frameworks */ = {
			isa = PBXFrameworksBuildPhase;
			buildActionMask = 2147483647;
			files = (
				EA1AC1C91D2CFD7F00698608 /* CoreGraphics.framework in Frameworks */,
				EA1AC1C71D2CFD7000698608 /* Foundation.framework in Frameworks */,
				EA1AC1C51D2CFD6600698608 /* QuartzCore.framework in Frameworks */,
				EA1AC2181D2E457300698608 /* Reveal.framework in Frameworks */,
				EA1AC1C31D2CFD5B00698608 /* UIKit.framework in Frameworks */,
				EE569852883543F28CC4FD96 /* libPods.a in Frameworks */,
			);
			runOnlyForDeploymentPostprocessing = 0;
		};
		EA1AC1A21D2CE9F000698608 /* Frameworks */ = {
			isa = PBXFrameworksBuildPhase;
			buildActionMask = 2147483647;
			files = (
			);
			runOnlyForDeploymentPostprocessing = 0;
		};
		EA1AC1AD1D2CE9F000698608 /* Frameworks */ = {
			isa = PBXFrameworksBuildPhase;
			buildActionMask = 2147483647;
			files = (
			);
			runOnlyForDeploymentPostprocessing = 0;
		};
/* End PBXFrameworksBuildPhase section */

/* Begin PBXGroup section */
		AC18BD6C9FA6D02E4D467C6B /* Pods */ = {
			isa = PBXGroup;
			children = (
				FE1809D2428AFD522EA6C17A /* Pods.debug.xcconfig */,
				A5D6EECEF2E2D62E834E5703 /* Pods.release.xcconfig */,
			);
			name = Pods;
			sourceTree = "<group>";
		};
		EA1AC1831D2CE9F000698608 = {
			isa = PBXGroup;
			children = (
				EA1AC2171D2E457300698608 /* Reveal.framework */,
				EA1AC18E1D2CE9F000698608 /* CEECountdown */,
				EA1AC1A81D2CE9F000698608 /* CEECountdownTests */,
				EA1AC1B31D2CE9F000698608 /* CEECountdownUITests */,
				EA1AC18D1D2CE9F000698608 /* Products */,
				AC18BD6C9FA6D02E4D467C6B /* Pods */,
				ED24C642A8E8D8D358662559 /* Frameworks */,
			);
			sourceTree = "<group>";
		};
		EA1AC18D1D2CE9F000698608 /* Products */ = {
			isa = PBXGroup;
			children = (
				EA1AC18C1D2CE9F000698608 /* CEECountdown.app */,
				EA1AC1A51D2CE9F000698608 /* CEECountdownTests.xctest */,
				EA1AC1B01D2CE9F000698608 /* CEECountdownUITests.xctest */,
			);
			name = Products;
			sourceTree = "<group>";
		};
		EA1AC18E1D2CE9F000698608 /* CEECountdown */ = {
			isa = PBXGroup;
			children = (
				EA6532011D3794F50080895E /* NetWork */,
				EA6532001D3794E30080895E /* Utils */,
				EA6531FB1D37408F0080895E /* Config */,
				EA6531ED1D361D1B0080895E /* Model&ViewModel */,
				EA6531E11D34F3B90080895E /* 3rdparty */,
				EA6531DA1D34EE520080895E /* UserInfo */,
				EA6531D91D34EDF70080895E /* CountDown */,
				EA6531D51D34ED230080895E /* BaseVC */,
				EA6531C81D3499020080895E /* Category */,
				EA6531BE1D34987F0080895E /* Calendar */,
				EA6531B01D333BD10080895E /* Font_Source */,
				EA1AC1921D2CE9F000698608 /* AppDelegate.h */,
				EA1AC1931D2CE9F000698608 /* AppDelegate.m */,
				EA1AC21C1D2E47D900698608 /* CEENavigationViewController.h */,
				EA1AC21D1D2E47D900698608 /* CEENavigationViewController.m */,
				EA1AC2191D2E46A400698608 /* CEETabBarController.h */,
				EA1AC21A1D2E46A400698608 /* CEETabBarController.m */,
				EA1AC1951D2CE9F000698608 /* ViewController.h */,
				EA1AC1961D2CE9F000698608 /* ViewController.m */,
				EA1AC1981D2CE9F000698608 /* Main.storyboard */,
				EA1AC19B1D2CE9F000698608 /* Assets.xcassets */,
				EA1AC19D1D2CE9F000698608 /* LaunchScreen.storyboard */,
				EA1AC1A01D2CE9F000698608 /* Info.plist */,
				EA1AC18F1D2CE9F000698608 /* Supporting Files */,
				EA6531FA1D37403E0080895E /* CEEMacro.h */,
			);
			path = CEECountdown;
			sourceTree = "<group>";
		};
		EA1AC18F1D2CE9F000698608 /* Supporting Files */ = {
			isa = PBXGroup;
			children = (
				EA1AC1901D2CE9F000698608 /* main.m */,
				EA1AC2161D2E385D00698608 /* CEECountdown-Prefix.pch */,
			);
			name = "Supporting Files";
			sourceTree = "<group>";
		};
		EA1AC1A81D2CE9F000698608 /* CEECountdownTests */ = {
			isa = PBXGroup;
			children = (
				EA1AC1A91D2CE9F000698608 /* CEECountdownTests.m */,
				EA1AC1AB1D2CE9F000698608 /* Info.plist */,
			);
			path = CEECountdownTests;
			sourceTree = "<group>";
		};
		EA1AC1B31D2CE9F000698608 /* CEECountdownUITests */ = {
			isa = PBXGroup;
			children = (
				EA1AC1B41D2CE9F000698608 /* CEECountdownUITests.m */,
				EA1AC1B61D2CE9F000698608 /* Info.plist */,
			);
			path = CEECountdownUITests;
			sourceTree = "<group>";
		};
		EA6531B01D333BD10080895E /* Font_Source */ = {
			isa = PBXGroup;
			children = (
				EA6531BA1D339D960080895E /* Digital-7Mono.TTF */,
				EA6531BB1D339D960080895E /* Heavitas.ttf */,
			);
			name = Font_Source;
			sourceTree = "<group>";
		};
		EA6531BE1D34987F0080895E /* Calendar */ = {
			isa = PBXGroup;
			children = (
				EA6531C21D3498CA0080895E /* FDCalendar.h */,
				EA6531C31D3498CA0080895E /* FDCalendar.m */,
				EA6531C41D3498CA0080895E /* FDCalendarItem.h */,
				EA6531C51D3498CA0080895E /* FDCalendarItem.m */,
				EA6531BF1D3498AA0080895E /* CalendarViewController.h */,
				EA6531C01D3498AA0080895E /* CalendarViewController.m */,
			);
			name = Calendar;
			sourceTree = "<group>";
		};
		EA6531C81D3499020080895E /* Category */ = {
			isa = PBXGroup;
			children = (
				EA6531C91D3499020080895E /* NSString+DateTransform.h */,
				EA6531CA1D3499020080895E /* NSString+DateTransform.m */,
				EA6531CB1D3499020080895E /* NSString+MoreExtentions.h */,
				EA6531CC1D3499020080895E /* NSString+MoreExtentions.m */,
				EA6531CD1D3499020080895E /* UIView+Extension.h */,
				EA6531CE1D3499020080895E /* UIView+Extension.m */,
				EA6531E51D34F8F70080895E /* UIBarButtonItem+Extension.h */,
				EA6531E61D34F8F70080895E /* UIBarButtonItem+Extension.m */,
				EA6531F71D373D670080895E /* MBProgressHUD+Add.h */,
				EA6531F81D373D670080895E /* MBProgressHUD+Add.m */,
			);
			name = Category;
			path = category;
			sourceTree = "<group>";
		};
		EA6531D51D34ED230080895E /* BaseVC */ = {
			isa = PBXGroup;
			children = (
				EA6531D61D34ED470080895E /* BaseViewController.h */,
				EA6531D71D34ED470080895E /* BaseViewController.m */,
			);
			name = BaseVC;
			sourceTree = "<group>";
		};
		EA6531D91D34EDF70080895E /* CountDown */ = {
			isa = PBXGroup;
			children = (
				EA1AC2121D2E369900698608 /* CountDownViewController.h */,
				EA1AC2131D2E369900698608 /* CountDownViewController.m */,
			);
			name = CountDown;
			sourceTree = "<group>";
		};
		EA6531DA1D34EE520080895E /* UserInfo */ = {
			isa = PBXGroup;
			children = (
				EA6531DE1D34EEB80080895E /* RegistViewController.h */,
				EA6531DF1D34EEB80080895E /* RegistViewController.m */,
				EA6531E81D35E86D0080895E /* LoginViewController.h */,
				EA6531E91D35E86D0080895E /* LoginViewController.m */,
				EA6531EA1D35E86D0080895E /* LoginViewController.xib */,
			);
			name = UserInfo;
			sourceTree = "<group>";
		};
		EA6531E11D34F3B90080895E /* 3rdparty */ = {
			isa = PBXGroup;
			children = (
				EA6531AD1D333A990080895E /* CBAutoScrollLabel.h */,
				EA6531AE1D333A990080895E /* CBAutoScrollLabel.m */,
				EA6531E21D34F3E90080895E /* CEEAlertView.h */,
				EA6531E31D34F3E90080895E /* CEEAlertView.m */,
			);
			name = 3rdparty;
			sourceTree = "<group>";
		};
		EA6531ED1D361D1B0080895E /* Model&ViewModel */ = {
			isa = PBXGroup;
			children = (
				EA6531EE1D361D490080895E /* User.h */,
				EA6531EF1D361D490080895E /* User.m */,
				EA6531F11D3622160080895E /* UserViewModel.h */,
				EA6531F21D3622160080895E /* UserViewModel.m */,
			);
			name = "Model&ViewModel";
			sourceTree = "<group>";
		};
		EA6531FB1D37408F0080895E /* Config */ = {
			isa = PBXGroup;
			children = (
			);
			name = Config;
			sourceTree = "<group>";
		};
		EA6532001D3794E30080895E /* Utils */ = {
			isa = PBXGroup;
			children = (
				EA6531FD1D3785700080895E /* CEEUtils.h */,
				EA6531FE1D3785700080895E /* CEEUtils.m */,
			);
			name = Utils;
			sourceTree = "<group>";
		};
		EA6532011D3794F50080895E /* NetWork */ = {
			isa = PBXGroup;
			children = (
				EA6532021D3797C40080895E /* CEENetWork.h */,
				EA6532031D3797C40080895E /* CEENetWork.m */,
				EA6532051D3799060080895E /* HTTPConfig.h */,
			);
			name = NetWork;
			sourceTree = "<group>";
		};
		ED24C642A8E8D8D358662559 /* Frameworks */ = {
			isa = PBXGroup;
			children = (
				EA1AC1C81D2CFD7F00698608 /* CoreGraphics.framework */,
				EA1AC1C61D2CFD7000698608 /* Foundation.framework */,
				EA1AC1C41D2CFD6600698608 /* QuartzCore.framework */,
				EA1AC1C21D2CFD5B00698608 /* UIKit.framework */,
				BF3626BEC5C99EC4749B7938 /* libPods.a */,
			);
			name = Frameworks;
			sourceTree = "<group>";
		};
/* End PBXGroup section */

/* Begin PBXNativeTarget section */
		EA1AC18B1D2CE9F000698608 /* CEECountdown */ = {
			isa = PBXNativeTarget;
			buildConfigurationList = EA1AC1B91D2CE9F000698608 /* Build configuration list for PBXNativeTarget "CEECountdown" */;
			buildPhases = (
				0DD658732972C01B68AE44FC /* Check Pods Manifest.lock */,
				EA1AC1881D2CE9F000698608 /* Sources */,
				EA1AC1891D2CE9F000698608 /* Frameworks */,
				EA1AC18A1D2CE9F000698608 /* Resources */,
				29C4DD043B472B387669E87F /* Embed Pods Frameworks */,
				1DCD642116BEF84B39A88849 /* Copy Pods Resources */,
			);
			buildRules = (
			);
			dependencies = (
			);
			name = CEECountdown;
			productName = CEECountdown;
			productReference = EA1AC18C1D2CE9F000698608 /* CEECountdown.app */;
			productType = "com.apple.product-type.application";
		};
		EA1AC1A41D2CE9F000698608 /* CEECountdownTests */ = {
			isa = PBXNativeTarget;
			buildConfigurationList = EA1AC1BC1D2CE9F000698608 /* Build configuration list for PBXNativeTarget "CEECountdownTests" */;
			buildPhases = (
				EA1AC1A11D2CE9F000698608 /* Sources */,
				EA1AC1A21D2CE9F000698608 /* Frameworks */,
				EA1AC1A31D2CE9F000698608 /* Resources */,
			);
			buildRules = (
			);
			dependencies = (
				EA1AC1A71D2CE9F000698608 /* PBXTargetDependency */,
			);
			name = CEECountdownTests;
			productName = CEECountdownTests;
			productReference = EA1AC1A51D2CE9F000698608 /* CEECountdownTests.xctest */;
			productType = "com.apple.product-type.bundle.unit-test";
		};
		EA1AC1AF1D2CE9F000698608 /* CEECountdownUITests */ = {
			isa = PBXNativeTarget;
			buildConfigurationList = EA1AC1BF1D2CE9F000698608 /* Build configuration list for PBXNativeTarget "CEECountdownUITests" */;
			buildPhases = (
				EA1AC1AC1D2CE9F000698608 /* Sources */,
				EA1AC1AD1D2CE9F000698608 /* Frameworks */,
				EA1AC1AE1D2CE9F000698608 /* Resources */,
			);
			buildRules = (
			);
			dependencies = (
				EA1AC1B21D2CE9F000698608 /* PBXTargetDependency */,
			);
			name = CEECountdownUITests;
			productName = CEECountdownUITests;
			productReference = EA1AC1B01D2CE9F000698608 /* CEECountdownUITests.xctest */;
			productType = "com.apple.product-type.bundle.ui-testing";
		};
/* End PBXNativeTarget section */

/* Begin PBXProject section */
		EA1AC1841D2CE9F000698608 /* Project object */ = {
			isa = PBXProject;
			attributes = {
				LastUpgradeCheck = 0730;
				ORGANIZATIONNAME = com.jiemo;
				TargetAttributes = {
					EA1AC18B1D2CE9F000698608 = {
						CreatedOnToolsVersion = 7.3.1;
					};
					EA1AC1A41D2CE9F000698608 = {
						CreatedOnToolsVersion = 7.3.1;
						TestTargetID = EA1AC18B1D2CE9F000698608;
					};
					EA1AC1AF1D2CE9F000698608 = {
						CreatedOnToolsVersion = 7.3.1;
						TestTargetID = EA1AC18B1D2CE9F000698608;
					};
				};
			};
			buildConfigurationList = EA1AC1871D2CE9F000698608 /* Build configuration list for PBXProject "CEECountdown" */;
			compatibilityVersion = "Xcode 3.2";
			developmentRegion = English;
			hasScannedForEncodings = 0;
			knownRegions = (
				en,
				Base,
			);
			mainGroup = EA1AC1831D2CE9F000698608;
			productRefGroup = EA1AC18D1D2CE9F000698608 /* Products */;
			projectDirPath = "";
			projectRoot = "";
			targets = (
				EA1AC18B1D2CE9F000698608 /* CEECountdown */,
				EA1AC1A41D2CE9F000698608 /* CEECountdownTests */,
				EA1AC1AF1D2CE9F000698608 /* CEECountdownUITests */,
			);
		};
/* End PBXProject section */

/* Begin PBXResourcesBuildPhase section */
		EA1AC18A1D2CE9F000698608 /* Resources */ = {
			isa = PBXResourcesBuildPhase;
			buildActionMask = 2147483647;
			files = (
				EA6531BC1D339D960080895E /* Digital-7Mono.TTF in Resources */,
				EA1AC19F1D2CE9F000698608 /* LaunchScreen.storyboard in Resources */,
				EA6531EC1D35E86D0080895E /* LoginViewController.xib in Resources */,
				EA1AC19C1D2CE9F000698608 /* Assets.xcassets in Resources */,
				EA1AC19A1D2CE9F000698608 /* Main.storyboard in Resources */,
				EA6531BD1D339D960080895E /* Heavitas.ttf in Resources */,
			);
			runOnlyForDeploymentPostprocessing = 0;
		};
		EA1AC1A31D2CE9F000698608 /* Resources */ = {
			isa = PBXResourcesBuildPhase;
			buildActionMask = 2147483647;
			files = (
			);
			runOnlyForDeploymentPostprocessing = 0;
		};
		EA1AC1AE1D2CE9F000698608 /* Resources */ = {
			isa = PBXResourcesBuildPhase;
			buildActionMask = 2147483647;
			files = (
			);
			runOnlyForDeploymentPostprocessing = 0;
		};
/* End PBXResourcesBuildPhase section */

/* Begin PBXShellScriptBuildPhase section */
		0DD658732972C01B68AE44FC /* Check Pods Manifest.lock */ = {
			isa = PBXShellScriptBuildPhase;
			buildActionMask = 2147483647;
			files = (
			);
			inputPaths = (
			);
			name = "Check Pods Manifest.lock";
			outputPaths = (
			);
			runOnlyForDeploymentPostprocessing = 0;
			shellPath = /bin/sh;
			shellScript = "diff \"${PODS_ROOT}/../Podfile.lock\" \"${PODS_ROOT}/Manifest.lock\" > /dev/null\nif [[ $? != 0 ]] ; then\n    cat << EOM\nerror: The sandbox is not in sync with the Podfile.lock. Run 'pod install' or update your CocoaPods installation.\nEOM\n    exit 1\nfi\n";
			showEnvVarsInLog = 0;
		};
		1DCD642116BEF84B39A88849 /* Copy Pods Resources */ = {
			isa = PBXShellScriptBuildPhase;
			buildActionMask = 2147483647;
			files = (
			);
			inputPaths = (
			);
			name = "Copy Pods Resources";
			outputPaths = (
			);
			runOnlyForDeploymentPostprocessing = 0;
			shellPath = /bin/sh;
			shellScript = "\"${SRCROOT}/Pods/Target Support Files/Pods/Pods-resources.sh\"\n";
			showEnvVarsInLog = 0;
		};
		29C4DD043B472B387669E87F /* Embed Pods Frameworks */ = {
			isa = PBXShellScriptBuildPhase;
			buildActionMask = 2147483647;
			files = (
			);
			inputPaths = (
			);
			name = "Embed Pods Frameworks";
			outputPaths = (
			);
			runOnlyForDeploymentPostprocessing = 0;
			shellPath = /bin/sh;
			shellScript = "\"${SRCROOT}/Pods/Target Support Files/Pods/Pods-frameworks.sh\"\n";
			showEnvVarsInLog = 0;
		};
/* End PBXShellScriptBuildPhase section */

/* Begin PBXSourcesBuildPhase section */
		EA1AC1881D2CE9F000698608 /* Sources */ = {
			isa = PBXSourcesBuildPhase;
			buildActionMask = 2147483647;
			files = (
				EA6531C61D3498CA0080895E /* FDCalendar.m in Sources */,
				EA6531F91D373D670080895E /* MBProgressHUD+Add.m in Sources */,
				EA6531E41D34F3E90080895E /* CEEAlertView.m in Sources */,
				EA1AC1971D2CE9F000698608 /* ViewController.m in Sources */,
				EA6531D11D3499020080895E /* UIView+Extension.m in Sources */,
				EA1AC2141D2E369900698608 /* CountDownViewController.m in Sources */,
				EA1AC1941D2CE9F000698608 /* AppDelegate.m in Sources */,
				EA6531E71D34F8F70080895E /* UIBarButtonItem+Extension.m in Sources */,
				EA6531D81D34ED470080895E /* BaseViewController.m in Sources */,
				EA1AC1911D2CE9F000698608 /* main.m in Sources */,
				EA6531CF1D3499020080895E /* NSString+DateTransform.m in Sources */,
				EA6531C11D3498AA0080895E /* CalendarViewController.m in Sources */,
				EA6532041D3797C40080895E /* CEENetWork.m in Sources */,
				EA6531C71D3498CA0080895E /* FDCalendarItem.m in Sources */,
				EA6531AF1D333A990080895E /* CBAutoScrollLabel.m in Sources */,
				EA6531F31D3622160080895E /* UserViewModel.m in Sources */,
				EA6531FF1D3785700080895E /* CEEUtils.m in Sources */,
				EA1AC21B1D2E46A400698608 /* CEETabBarController.m in Sources */,
				EA6531EB1D35E86D0080895E /* LoginViewController.m in Sources */,
				EA6531F01D361D490080895E /* User.m in Sources */,
				EA1AC21E1D2E47D900698608 /* CEENavigationViewController.m in Sources */,
				EA6531D01D3499020080895E /* NSString+MoreExtentions.m in Sources */,
				EA6531E01D34EEB80080895E /* RegistViewController.m in Sources */,
			);
			runOnlyForDeploymentPostprocessing = 0;
		};
		EA1AC1A11D2CE9F000698608 /* Sources */ = {
			isa = PBXSourcesBuildPhase;
			buildActionMask = 2147483647;
			files = (
				EA1AC1AA1D2CE9F000698608 /* CEECountdownTests.m in Sources */,
			);
			runOnlyForDeploymentPostprocessing = 0;
		};
		EA1AC1AC1D2CE9F000698608 /* Sources */ = {
			isa = PBXSourcesBuildPhase;
			buildActionMask = 2147483647;
			files = (
				EA1AC1B51D2CE9F000698608 /* CEECountdownUITests.m in Sources */,
			);
			runOnlyForDeploymentPostprocessing = 0;
		};
/* End PBXSourcesBuildPhase section */

/* Begin PBXTargetDependency section */
		EA1AC1A71D2CE9F000698608 /* PBXTargetDependency */ = {
			isa = PBXTargetDependency;
			target = EA1AC18B1D2CE9F000698608 /* CEECountdown */;
			targetProxy = EA1AC1A61D2CE9F000698608 /* PBXContainerItemProxy */;
		};
		EA1AC1B21D2CE9F000698608 /* PBXTargetDependency */ = {
			isa = PBXTargetDependency;
			target = EA1AC18B1D2CE9F000698608 /* CEECountdown */;
			targetProxy = EA1AC1B11D2CE9F000698608 /* PBXContainerItemProxy */;
		};
/* End PBXTargetDependency section */

/* Begin PBXVariantGroup section */
		EA1AC1981D2CE9F000698608 /* Main.storyboard */ = {
			isa = PBXVariantGroup;
			children = (
				EA1AC1991D2CE9F000698608 /* Base */,
			);
			name = Main.storyboard;
			sourceTree = "<group>";
		};
		EA1AC19D1D2CE9F000698608 /* LaunchScreen.storyboard */ = {
			isa = PBXVariantGroup;
			children = (
				EA1AC19E1D2CE9F000698608 /* Base */,
			);
			name = LaunchScreen.storyboard;
			sourceTree = "<group>";
		};
/* End PBXVariantGroup section */

/* Begin XCBuildConfiguration section */
		EA1AC1B71D2CE9F000698608 /* Debug */ = {
			isa = XCBuildConfiguration;
			buildSettings = {
				ALWAYS_SEARCH_USER_PATHS = NO;
				CLANG_ANALYZER_NONNULL = YES;
				CLANG_CXX_LANGUAGE_STANDARD = "gnu++0x";
				CLANG_CXX_LIBRARY = "libc++";
				CLANG_ENABLE_MODULES = YES;
				CLANG_ENABLE_OBJC_ARC = YES;
				CLANG_WARN_BOOL_CONVERSION = YES;
				CLANG_WARN_CONSTANT_CONVERSION = YES;
				CLANG_WARN_DIRECT_OBJC_ISA_USAGE = YES_ERROR;
				CLANG_WARN_EMPTY_BODY = YES;
				CLANG_WARN_ENUM_CONVERSION = YES;
				CLANG_WARN_INT_CONVERSION = YES;
				CLANG_WARN_OBJC_ROOT_CLASS = YES_ERROR;
				CLANG_WARN_UNREACHABLE_CODE = YES;
				CLANG_WARN__DUPLICATE_METHOD_MATCH = YES;
				"CODE_SIGN_IDENTITY[sdk=iphoneos*]" = "iPhone Developer";
				COPY_PHASE_STRIP = NO;
				DEBUG_INFORMATION_FORMAT = dwarf;
				ENABLE_STRICT_OBJC_MSGSEND = YES;
				ENABLE_TESTABILITY = YES;
				GCC_C_LANGUAGE_STANDARD = gnu99;
				GCC_DYNAMIC_NO_PIC = NO;
				GCC_NO_COMMON_BLOCKS = YES;
				GCC_OPTIMIZATION_LEVEL = 0;
				GCC_PREPROCESSOR_DEFINITIONS = (
					"DEBUG=1",
					"$(inherited)",
				);
				GCC_WARN_64_TO_32_BIT_CONVERSION = YES;
				GCC_WARN_ABOUT_RETURN_TYPE = YES_ERROR;
				GCC_WARN_UNDECLARED_SELECTOR = YES;
				GCC_WARN_UNINITIALIZED_AUTOS = YES_AGGRESSIVE;
				GCC_WARN_UNUSED_FUNCTION = YES;
				GCC_WARN_UNUSED_VARIABLE = YES;
				IPHONEOS_DEPLOYMENT_TARGET = 9.3;
				MTL_ENABLE_DEBUG_INFO = YES;
				ONLY_ACTIVE_ARCH = YES;
				SDKROOT = iphoneos;
			};
			name = Debug;
		};
		EA1AC1B81D2CE9F000698608 /* Release */ = {
			isa = XCBuildConfiguration;
			buildSettings = {
				ALWAYS_SEARCH_USER_PATHS = NO;
				CLANG_ANALYZER_NONNULL = YES;
				CLANG_CXX_LANGUAGE_STANDARD = "gnu++0x";
				CLANG_CXX_LIBRARY = "libc++";
				CLANG_ENABLE_MODULES = YES;
				CLANG_ENABLE_OBJC_ARC = YES;
				CLANG_WARN_BOOL_CONVERSION = YES;
				CLANG_WARN_CONSTANT_CONVERSION = YES;
				CLANG_WARN_DIRECT_OBJC_ISA_USAGE = YES_ERROR;
				CLANG_WARN_EMPTY_BODY = YES;
				CLANG_WARN_ENUM_CONVERSION = YES;
				CLANG_WARN_INT_CONVERSION = YES;
				CLANG_WARN_OBJC_ROOT_CLASS = YES_ERROR;
				CLANG_WARN_UNREACHABLE_CODE = YES;
				CLANG_WARN__DUPLICATE_METHOD_MATCH = YES;
				"CODE_SIGN_IDENTITY[sdk=iphoneos*]" = "iPhone Developer";
				COPY_PHASE_STRIP = NO;
				DEBUG_INFORMATION_FORMAT = "dwarf-with-dsym";
				ENABLE_NS_ASSERTIONS = NO;
				ENABLE_STRICT_OBJC_MSGSEND = YES;
				GCC_C_LANGUAGE_STANDARD = gnu99;
				GCC_NO_COMMON_BLOCKS = YES;
				GCC_WARN_64_TO_32_BIT_CONVERSION = YES;
				GCC_WARN_ABOUT_RETURN_TYPE = YES_ERROR;
				GCC_WARN_UNDECLARED_SELECTOR = YES;
				GCC_WARN_UNINITIALIZED_AUTOS = YES_AGGRESSIVE;
				GCC_WARN_UNUSED_FUNCTION = YES;
				GCC_WARN_UNUSED_VARIABLE = YES;
				IPHONEOS_DEPLOYMENT_TARGET = 9.3;
				MTL_ENABLE_DEBUG_INFO = NO;
				SDKROOT = iphoneos;
				VALIDATE_PRODUCT = YES;
			};
			name = Release;
		};
		EA1AC1BA1D2CE9F000698608 /* Debug */ = {
			isa = XCBuildConfiguration;
			baseConfigurationReference = FE1809D2428AFD522EA6C17A /* Pods.debug.xcconfig */;
			buildSettings = {
				ASSETCATALOG_COMPILER_APPICON_NAME = AppIcon;
				ASSETCATALOG_COMPILER_LAUNCHIMAGE_NAME = LaunchImage;
				FRAMEWORK_SEARCH_PATHS = (
					"$(inherited)",
					"$(PROJECT_DIR)",
				);
				GCC_INCREASE_PRECOMPILED_HEADER_SHARING = NO;
				GCC_PRECOMPILE_PREFIX_HEADER = YES;
				GCC_PREFIX_HEADER = "$(SRCROOT)/$(PRODUCT_NAME)/CEECountdown-Prefix.pch";
				INFOPLIST_FILE = CEECountdown/Info.plist;
				IPHONEOS_DEPLOYMENT_TARGET = 8.0;
				LD_RUNPATH_SEARCH_PATHS = "$(inherited) @executable_path/Frameworks";
				OTHER_LDFLAGS = (
					"$(inherited)",
					"-ObjC",
					"-l\"AFNetworking\"",
					"-l\"IQKeyboardManager\"",
					"-l\"JSONKit-NoWarning\"",
					"-l\"MBProgressHUD\"",
					"-l\"Masonry\"",
					"-l\"ReactiveCocoa\"",
					"-l\"SDWebImage\"",
					"-l\"sqlite3\"",
					"-l\"z\"",
					"-framework",
					"\"CoreGraphics\"",
					"-framework",
					"\"CoreTelephony\"",
					"-framework",
					"\"Foundation\"",
					"-framework",
					"\"ImageIO\"",
					"-framework",
					"\"MobileCoreServices\"",
					"-framework",
					"\"Security\"",
					"-framework",
					"\"SystemConfiguration\"",
					"-framework",
					"\"UIKit\"",
					"-framework",
					"\"UMMobClick\"",
					"-ObjC",
					"-lz",
					"-framework",
					Reveal,
				);
				PRODUCT_BUNDLE_IDENTIFIER = com.jiemo.CEECountdown;
				PRODUCT_NAME = "$(TARGET_NAME)";
			};
			name = Debug;
		};
		EA1AC1BB1D2CE9F000698608 /* Release */ = {
			isa = XCBuildConfiguration;
			baseConfigurationReference = A5D6EECEF2E2D62E834E5703 /* Pods.release.xcconfig */;
			buildSettings = {
				ASSETCATALOG_COMPILER_APPICON_NAME = AppIcon;
				ASSETCATALOG_COMPILER_LAUNCHIMAGE_NAME = LaunchImage;
				FRAMEWORK_SEARCH_PATHS = (
					"$(inherited)",
					"$(PROJECT_DIR)",
				);
				GCC_INCREASE_PRECOMPILED_HEADER_SHARING = NO;
				GCC_PRECOMPILE_PREFIX_HEADER = YES;
				GCC_PREFIX_HEADER = "$(SRCROOT)/$(PRODUCT_NAME)/CEECountdown-Prefix.pch";
				INFOPLIST_FILE = CEECountdown/Info.plist;
				IPHONEOS_DEPLOYMENT_TARGET = 8.0;
				LD_RUNPATH_SEARCH_PATHS = "$(inherited) @executable_path/Frameworks";
				OTHER_LDFLAGS = (
					"$(inherited)",
					"-ObjC",
					"-l\"AFNetworking\"",
					"-l\"IQKeyboardManager\"",
					"-l\"JSONKit-NoWarning\"",
					"-l\"MBProgressHUD\"",
					"-l\"Masonry\"",
					"-l\"ReactiveCocoa\"",
					"-l\"SDWebImage\"",
					"-l\"sqlite3\"",
					"-l\"z\"",
					"-framework",
					"\"CoreGraphics\"",
					"-framework",
					"\"CoreTelephony\"",
					"-framework",
					"\"Foundation\"",
					"-framework",
					"\"ImageIO\"",
					"-framework",
					"\"MobileCoreServices\"",
					"-framework",
					"\"Security\"",
					"-framework",
					"\"SystemConfiguration\"",
					"-framework",
					"\"UIKit\"",
					"-framework",
					"\"UMMobClick\"",
					"-ObjC",
					"-lz",
					"-framework",
					Reveal,
				);
				PRODUCT_BUNDLE_IDENTIFIER = com.jiemo.CEECountdown;
				PRODUCT_NAME = "$(TARGET_NAME)";
			};
			name = Release;
		};
		EA1AC1BD1D2CE9F000698608 /* Debug */ = {
			isa = XCBuildConfiguration;
			buildSettings = {
				BUNDLE_LOADER = "$(TEST_HOST)";
				INFOPLIST_FILE = CEECountdownTests/Info.plist;
				LD_RUNPATH_SEARCH_PATHS = "$(inherited) @executable_path/Frameworks @loader_path/Frameworks";
				PRODUCT_BUNDLE_IDENTIFIER = com.jiemo.CEECountdownTests;
				PRODUCT_NAME = "$(TARGET_NAME)";
				TEST_HOST = "$(BUILT_PRODUCTS_DIR)/CEECountdown.app/CEECountdown";
			};
			name = Debug;
		};
		EA1AC1BE1D2CE9F000698608 /* Release */ = {
			isa = XCBuildConfiguration;
			buildSettings = {
				BUNDLE_LOADER = "$(TEST_HOST)";
				INFOPLIST_FILE = CEECountdownTests/Info.plist;
				LD_RUNPATH_SEARCH_PATHS = "$(inherited) @executable_path/Frameworks @loader_path/Frameworks";
				PRODUCT_BUNDLE_IDENTIFIER = com.jiemo.CEECountdownTests;
				PRODUCT_NAME = "$(TARGET_NAME)";
				TEST_HOST = "$(BUILT_PRODUCTS_DIR)/CEECountdown.app/CEECountdown";
			};
			name = Release;
		};
		EA1AC1C01D2CE9F000698608 /* Debug */ = {
			isa = XCBuildConfiguration;
			buildSettings = {
				INFOPLIST_FILE = CEECountdownUITests/Info.plist;
				LD_RUNPATH_SEARCH_PATHS = "$(inherited) @executable_path/Frameworks @loader_path/Frameworks";
				PRODUCT_BUNDLE_IDENTIFIER = com.jiemo.CEECountdownUITests;
				PRODUCT_NAME = "$(TARGET_NAME)";
				TEST_TARGET_NAME = CEECountdown;
			};
			name = Debug;
		};
		EA1AC1C11D2CE9F000698608 /* Release */ = {
			isa = XCBuildConfiguration;
			buildSettings = {
				INFOPLIST_FILE = CEECountdownUITests/Info.plist;
				LD_RUNPATH_SEARCH_PATHS = "$(inherited) @executable_path/Frameworks @loader_path/Frameworks";
				PRODUCT_BUNDLE_IDENTIFIER = com.jiemo.CEECountdownUITests;
				PRODUCT_NAME = "$(TARGET_NAME)";
				TEST_TARGET_NAME = CEECountdown;
			};
			name = Release;
		};
/* End XCBuildConfiguration section */

/* Begin XCConfigurationList section */
		EA1AC1871D2CE9F000698608 /* Build configuration list for PBXProject "CEECountdown" */ = {
			isa = XCConfigurationList;
			buildConfigurations = (
				EA1AC1B71D2CE9F000698608 /* Debug */,
				EA1AC1B81D2CE9F000698608 /* Release */,
			);
			defaultConfigurationIsVisible = 0;
			defaultConfigurationName = Release;
		};
		EA1AC1B91D2CE9F000698608 /* Build configuration list for PBXNativeTarget "CEECountdown" */ = {
			isa = XCConfigurationList;
			buildConfigurations = (
				EA1AC1BA1D2CE9F000698608 /* Debug */,
				EA1AC1BB1D2CE9F000698608 /* Release */,
			);
			defaultConfigurationIsVisible = 0;
			defaultConfigurationName = Release;
		};
		EA1AC1BC1D2CE9F000698608 /* Build configuration list for PBXNativeTarget "CEECountdownTests" */ = {
			isa = XCConfigurationList;
			buildConfigurations = (
				EA1AC1BD1D2CE9F000698608 /* Debug */,
				EA1AC1BE1D2CE9F000698608 /* Release */,
			);
			defaultConfigurationIsVisible = 0;
			defaultConfigurationName = Release;
		};
		EA1AC1BF1D2CE9F000698608 /* Build configuration list for PBXNativeTarget "CEECountdownUITests" */ = {
			isa = XCConfigurationList;
			buildConfigurations = (
				EA1AC1C01D2CE9F000698608 /* Debug */,
				EA1AC1C11D2CE9F000698608 /* Release */,
			);
			defaultConfigurationIsVisible = 0;
			defaultConfigurationName = Release;
		};
/* End XCConfigurationList section */
	};
	rootObject = EA1AC1841D2CE9F000698608 /* Project object */;
}
